Microsoft Visual Studio Solution File, Format Version 11.00
# Visual Studio 2008

Project("{6566C6D4-F8CF-CE6F-B701-EC6F066FD17E}") = "TestUnity", "Assembly-CSharp.csproj", "{51CD38A0-BDF1-1E8B-6872-4EB9A243DD82}"
EndProject
Project("{6566C6D4-F8CF-CE6F-B701-EC6F066FD17E}") = "TestUnity", "Assembly-CSharp-Editor.csproj", "{EA888AF8-73A1-DA96-CD5B-ED922A9FED47}"
EndProject
Global
	GlobalSection(SolutionConfigurationPlatforms) = preSolution
		Debug|Any CPU = Debug|Any CPU
		Release|Any CPU = Release|Any CPU
	EndGlobalSection
	GlobalSection(ProjectConfigurationPlatforms) = postSolution
		{51CD38A0-BDF1-1E8B-6872-4EB9A243DD82}.Debug|Any CPU.ActiveCfg = Debug|Any CPU
		{51CD38A0-BDF1-1E8B-6872-4EB9A243DD82}.Debug|Any CPU.Build.0 = Debug|Any CPU
		{51CD38A0-BDF1-1E8B-6872-4EB9A243DD82}.Release|Any CPU.ActiveCfg = Release|Any CPU
		{51CD38A0-BDF1-1E8B-6872-4EB9A243DD82}.Release|Any CPU.Build.0 = Release|Any CPU
		{EA888AF8-73A1-DA96-CD5B-ED922A9FED47}.Debug|Any CPU.ActiveCfg = Debug|Any CPU
		{EA888AF8-73A1-DA96-CD5B-ED922A9FED47}.Debug|Any CPU.Build.0 = Debug|Any CPU
		{EA888AF8-73A1-DA96-CD5B-ED922A9FED47}.Release|Any CPU.ActiveCfg = Release|Any CPU
		{EA888AF8-73A1-DA96-CD5B-ED922A9FED47}.Release|Any CPU.Build.0 = Release|Any CPU
	EndGlobalSection
	GlobalSection(SolutionProperties) = preSolution
		HideSolutionNode = FALSE
	EndGlobalSection
	GlobalSection(MonoDevelopProperties) = preSolution
		StartupItem = Assembly-CSharp.csproj
	EndGlobalSection
EndGlobal
